// !$*UTF8*$!
{
	archiveVersion = 1;
	classes = {
	};
	objectVersion = 52;
	objects = {

/* Begin PBXBuildFile section */
		27B2FC0C2F966E82661F69AA /* Pods_iCarePill.framework in Frameworks */ = {isa = PBXBuildFile; fileRef = CAC10C62CD34B2E20672282A /* Pods_iCarePill.framework */; };
		F21653A5262806470035950D /* FirebaseAnalytics in Frameworks */ = {isa = PBXBuildFile; productRef = F21653A4262806470035950D /* FirebaseAnalytics */; };
		F21653A7262806470035950D /* FirebaseStorage in Frameworks */ = {isa = PBXBuildFile; productRef = F21653A6262806470035950D /* FirebaseStorage */; };
		F21653A9262806470035950D /* FirebaseAuth in Frameworks */ = {isa = PBXBuildFile; productRef = F21653A8262806470035950D /* FirebaseAuth */; };
		F21653AB262806470035950D /* FirebaseFirestore in Frameworks */ = {isa = PBXBuildFile; productRef = F21653AA262806470035950D /* FirebaseFirestore */; };
		F21653AD262806470035950D /* FirebaseDatabase in Frameworks */ = {isa = PBXBuildFile; productRef = F21653AC262806470035950D /* FirebaseDatabase */; };
		F21653D3262810030035950D /* SocialLogin.swift in Sources */ = {isa = PBXBuildFile; fileRef = F21653D2262810030035950D /* SocialLogin.swift */; };
		F21653D8262827930035950D /* FacebookLogin in Frameworks */ = {isa = PBXBuildFile; productRef = F21653D7262827930035950D /* FacebookLogin */; };
		F223B1AB260877D10038A925 /* ImagePickerView.swift in Sources */ = {isa = PBXBuildFile; fileRef = F223B1AA260877D10038A925 /* ImagePickerView.swift */; };
		F223B1AE26087AB80038A925 /* SaveImageViewModel.swift in Sources */ = {isa = PBXBuildFile; fileRef = F223B1AD26087AB80038A925 /* SaveImageViewModel.swift */; };
		F22EC61F2609BAAC009FCF7F /* AddMedicineView.swift in Sources */ = {isa = PBXBuildFile; fileRef = F22EC61E2609BAAC009FCF7F /* AddMedicineView.swift */; };
		F22EC6242609C8C1009FCF7F /* QRCodeReader in Frameworks */ = {isa = PBXBuildFile; productRef = F22EC6232609C8C1009FCF7F /* QRCodeReader */; };
		F22EC6272609C8FE009FCF7F /* QRCodeReaderView.swift in Sources */ = {isa = PBXBuildFile; fileRef = F22EC6262609C8FE009FCF7F /* QRCodeReaderView.swift */; };
		F23801642601CB3000B3FEA1 /* GoogleService-Info.plist in Resources */ = {isa = PBXBuildFile; fileRef = F23801632601CB3000B3FEA1 /* GoogleService-Info.plist */; };
		F23801742601D0DE00B3FEA1 /* SDWebImageSwiftUI in Frameworks */ = {isa = PBXBuildFile; productRef = F23801732601D0DE00B3FEA1 /* SDWebImageSwiftUI */; };
		F23801782601D1FB00B3FEA1 /* IQKeyboardManagerSwift in Frameworks */ = {isa = PBXBuildFile; productRef = F23801772601D1FB00B3FEA1 /* IQKeyboardManagerSwift */; };
		F238017C2601D82C00B3FEA1 /* SignUpView.swift in Sources */ = {isa = PBXBuildFile; fileRef = F238017B2601D82C00B3FEA1 /* SignUpView.swift */; };
		F242106E2608A30B0046EA2B /* MainView.swift in Sources */ = {isa = PBXBuildFile; fileRef = F242106D2608A30B0046EA2B /* MainView.swift */; };
		F24210712608A3550046EA2B /* HomeView.swift in Sources */ = {isa = PBXBuildFile; fileRef = F24210702608A3550046EA2B /* HomeView.swift */; };
		F24210742608A3630046EA2B /* MediView.swift in Sources */ = {isa = PBXBuildFile; fileRef = F24210732608A3630046EA2B /* MediView.swift */; };
		F24210772608A3720046EA2B /* TrackerView.swift in Sources */ = {isa = PBXBuildFile; fileRef = F24210762608A3720046EA2B /* TrackerView.swift */; };
		F242107A2608A3970046EA2B /* ReportView.swift in Sources */ = {isa = PBXBuildFile; fileRef = F24210792608A3970046EA2B /* ReportView.swift */; };
		F24210812608EFA30046EA2B /* Medicine.swift in Sources */ = {isa = PBXBuildFile; fileRef = F24210802608EFA30046EA2B /* Medicine.swift */; };
		F256BD6C260C8B250046C6D8 /* MoreView.swift in Sources */ = {isa = PBXBuildFile; fileRef = F256BD6B260C8B250046C6D8 /* MoreView.swift */; };
		F256BD6F260C96860046C6D8 /* AppointmentsView.swift in Sources */ = {isa = PBXBuildFile; fileRef = F256BD6E260C96860046C6D8 /* AppointmentsView.swift */; };
		F256BD72260C97270046C6D8 /* DoctorsView.swift in Sources */ = {isa = PBXBuildFile; fileRef = F256BD71260C97270046C6D8 /* DoctorsView.swift */; };
		F256BD75260C97790046C6D8 /* NotesView.swift in Sources */ = {isa = PBXBuildFile; fileRef = F256BD74260C97790046C6D8 /* NotesView.swift */; };
		F256BD78260C9E750046C6D8 /* NoRecordView.swift in Sources */ = {isa = PBXBuildFile; fileRef = F256BD77260C9E750046C6D8 /* NoRecordView.swift */; };
		F256BD7B260CAD5C0046C6D8 /* FAQView.swift in Sources */ = {isa = PBXBuildFile; fileRef = F256BD7A260CAD5C0046C6D8 /* FAQView.swift */; };
		F25D558226130C1000E9152B /* SettingView.swift in Sources */ = {isa = PBXBuildFile; fileRef = F25D558126130C1000E9152B /* SettingView.swift */; };
		F26E454E2611C04B0054511E /* AddDoctorView.swift in Sources */ = {isa = PBXBuildFile; fileRef = F26E454D2611C04B0054511E /* AddDoctorView.swift */; };
		F26E45522611CC520054511E /* AddNoteView.swift in Sources */ = {isa = PBXBuildFile; fileRef = F26E45512611CC520054511E /* AddNoteView.swift */; };
		F272D17526257D03009D648F /* Doctor.swift in Sources */ = {isa = PBXBuildFile; fileRef = F272D17426257D03009D648F /* Doctor.swift */; };
		F272D17826257D22009D648F /* Appointment.swift in Sources */ = {isa = PBXBuildFile; fileRef = F272D17726257D22009D648F /* Appointment.swift */; };
		F272D17B26257D3D009D648F /* Note.swift in Sources */ = {isa = PBXBuildFile; fileRef = F272D17A26257D3D009D648F /* Note.swift */; };
		F27328662636A4520059BA3E /* DayReminderView.swift in Sources */ = {isa = PBXBuildFile; fileRef = F27328652636A4520059BA3E /* DayReminderView.swift */; };
		F287547E260E159A00D2D051 /* AddAppointmentView.swift in Sources */ = {isa = PBXBuildFile; fileRef = F287547D260E159A00D2D051 /* AddAppointmentView.swift */; };
		F2875481260E1ADF00D2D051 /* ShowDateOrTimeViewModel.swift in Sources */ = {isa = PBXBuildFile; fileRef = F2875480260E1ADF00D2D051 /* ShowDateOrTimeViewModel.swift */; };
		F296CF6E2613883B00BB1331 /* GeneralSettingView.swift in Sources */ = {isa = PBXBuildFile; fileRef = F296CF6D2613883B00BB1331 /* GeneralSettingView.swift */; };
		F296CF712613915B00BB1331 /* PasscodeView.swift in Sources */ = {isa = PBXBuildFile; fileRef = F296CF702613915B00BB1331 /* PasscodeView.swift */; };
		F29FD410260106D500CA43F5 /* iCarePillApp.swift in Sources */ = {isa = PBXBuildFile; fileRef = F29FD40F260106D500CA43F5 /* iCarePillApp.swift */; };
		F29FD412260106D500CA43F5 /* SignInView.swift in Sources */ = {isa = PBXBuildFile; fileRef = F29FD411260106D500CA43F5 /* SignInView.swift */; };
		F29FD414260106D600CA43F5 /* Assets.xcassets in Resources */ = {isa = PBXBuildFile; fileRef = F29FD413260106D600CA43F5 /* Assets.xcassets */; };
		F29FD417260106D600CA43F5 /* Preview Assets.xcassets in Resources */ = {isa = PBXBuildFile; fileRef = F29FD416260106D600CA43F5 /* Preview Assets.xcassets */; };
		F29FD420260106F800CA43F5 /* Launch Screen.storyboard in Resources */ = {isa = PBXBuildFile; fileRef = F29FD41F260106F800CA43F5 /* Launch Screen.storyboard */; };
		F29FD43626010C0400CA43F5 /* Poppins-Italic.ttf in Resources */ = {isa = PBXBuildFile; fileRef = F29FD42426010C0300CA43F5 /* Poppins-Italic.ttf */; };
		F29FD43726010C0400CA43F5 /* Poppins-Regular.ttf in Resources */ = {isa = PBXBuildFile; fileRef = F29FD42526010C0300CA43F5 /* Poppins-Regular.ttf */; };
		F29FD43826010C0400CA43F5 /* Poppins-Bold.ttf in Resources */ = {isa = PBXBuildFile; fileRef = F29FD42626010C0300CA43F5 /* Poppins-Bold.ttf */; };
		F29FD43926010C0400CA43F5 /* Poppins-Medium.ttf in Resources */ = {isa = PBXBuildFile; fileRef = F29FD42726010C0400CA43F5 /* Poppins-Medium.ttf */; };
		F29FD43A26010C0400CA43F5 /* Poppins-BoldItalic.ttf in Resources */ = {isa = PBXBuildFile; fileRef = F29FD42826010C0400CA43F5 /* Poppins-BoldItalic.ttf */; };
		F29FD43B26010C0400CA43F5 /* Poppins-BlackItalic.ttf in Resources */ = {isa = PBXBuildFile; fileRef = F29FD42926010C0400CA43F5 /* Poppins-BlackItalic.ttf */; };
		F29FD43C26010C0400CA43F5 /* Poppins-SemiBold.ttf in Resources */ = {isa = PBXBuildFile; fileRef = F29FD42A26010C0400CA43F5 /* Poppins-SemiBold.ttf */; };
		F29FD43D26010C0400CA43F5 /* Poppins-Thin.ttf in Resources */ = {isa = PBXBuildFile; fileRef = F29FD42B26010C0400CA43F5 /* Poppins-Thin.ttf */; };
		F29FD43E26010C0400CA43F5 /* Poppins-ExtraBold.ttf in Resources */ = {isa = PBXBuildFile; fileRef = F29FD42C26010C0400CA43F5 /* Poppins-ExtraBold.ttf */; };
		F29FD43F26010C0400CA43F5 /* Poppins-MediumItalic.ttf in Resources */ = {isa = PBXBuildFile; fileRef = F29FD42D26010C0400CA43F5 /* Poppins-MediumItalic.ttf */; };
		F29FD44026010C0400CA43F5 /* Poppins-Black.ttf in Resources */ = {isa = PBXBuildFile; fileRef = F29FD42E26010C0400CA43F5 /* Poppins-Black.ttf */; };
		F29FD44126010C0400CA43F5 /* Poppins-ExtraBoldItalic.ttf in Resources */ = {isa = PBXBuildFile; fileRef = F29FD42F26010C0400CA43F5 /* Poppins-ExtraBoldItalic.ttf */; };
		F29FD44226010C0400CA43F5 /* Poppins-ExtraLight.ttf in Resources */ = {isa = PBXBuildFile; fileRef = F29FD43026010C0400CA43F5 /* Poppins-ExtraLight.ttf */; };
		F29FD44326010C0400CA43F5 /* Poppins-LightItalic.ttf in Resources */ = {isa = PBXBuildFile; fileRef = F29FD43126010C0400CA43F5 /* Poppins-LightItalic.ttf */; };
		F29FD44426010C0400CA43F5 /* Poppins-ExtraLightItalic.ttf in Resources */ = {isa = PBXBuildFile; fileRef = F29FD43226010C0400CA43F5 /* Poppins-ExtraLightItalic.ttf */; };
		F29FD44526010C0400CA43F5 /* Poppins-ThinItalic.ttf in Resources */ = {isa = PBXBuildFile; fileRef = F29FD43326010C0400CA43F5 /* Poppins-ThinItalic.ttf */; };
		F29FD44626010C0400CA43F5 /* Poppins-SemiBoldItalic.ttf in Resources */ = {isa = PBXBuildFile; fileRef = F29FD43426010C0400CA43F5 /* Poppins-SemiBoldItalic.ttf */; };
		F29FD44726010C0400CA43F5 /* Poppins-Light.ttf in Resources */ = {isa = PBXBuildFile; fileRef = F29FD43526010C0400CA43F5 /* Poppins-Light.ttf */; };
		F2A3511B263B23B8003EBE21 /* Dose.swift in Sources */ = {isa = PBXBuildFile; fileRef = F2A3511A263B23B8003EBE21 /* Dose.swift */; };
		F2AC12552639478E003A95BF /* DayReminderCellView.swift in Sources */ = {isa = PBXBuildFile; fileRef = F2AC12542639478E003A95BF /* DayReminderCellView.swift */; };
		F2D326FE260490B2009880BE /* FirebaseViewModel.swift in Sources */ = {isa = PBXBuildFile; fileRef = F2D326FD260490B2009880BE /* FirebaseViewModel.swift */; };
		F2D327032604935E009880BE /* User.swift in Sources */ = {isa = PBXBuildFile; fileRef = F2D327022604935E009880BE /* User.swift */; };
		F2E9ACF8260BA08C004DF836 /* ScheduleView.swift in Sources */ = {isa = PBXBuildFile; fileRef = F2E9ACF7260BA08C004DF836 /* ScheduleView.swift */; };
		F2F493032636778D009E9BA5 /* SearchbarView.swift in Sources */ = {isa = PBXBuildFile; fileRef = F2F493022636778D009E9BA5 /* SearchbarView.swift */; };
		F2F49306263678E8009E9BA5 /* SwiftUIView.swift in Sources */ = {isa = PBXBuildFile; fileRef = F2F49305263678E8009E9BA5 /* SwiftUIView.swift */; };
		F2F4930926367906009E9BA5 /* SearchBar.swift in Sources */ = {isa = PBXBuildFile; fileRef = F2F4930826367906009E9BA5 /* SearchBar.swift */; };
/* End PBXBuildFile section */

/* Begin PBXFileReference section */
		33821C87FC00771B0927DF60 /* Pods-iCarePill.release.xcconfig */ = {isa = PBXFileReference; includeInIndex = 1; lastKnownFileType = text.xcconfig; name = "Pods-iCarePill.release.xcconfig"; path = "Target Support Files/Pods-iCarePill/Pods-iCarePill.release.xcconfig"; sourceTree = "<group>"; };
		CAC10C62CD34B2E20672282A /* Pods_iCarePill.framework */ = {isa = PBXFileReference; explicitFileType = wrapper.framework; includeInIndex = 0; path = Pods_iCarePill.framework; sourceTree = BUILT_PRODUCTS_DIR; };
		F21653D2262810030035950D /* SocialLogin.swift */ = {isa = PBXFileReference; lastKnownFileType = sourcecode.swift; path = SocialLogin.swift; sourceTree = "<group>"; };
		F223B1AA260877D10038A925 /* ImagePickerView.swift */ = {isa = PBXFileReference; fileEncoding = 4; lastKnownFileType = sourcecode.swift; path = ImagePickerView.swift; sourceTree = "<group>"; };
		F223B1AD26087AB80038A925 /* SaveImageViewModel.swift */ = {isa = PBXFileReference; fileEncoding = 4; lastKnownFileType = sourcecode.swift; path = SaveImageViewModel.swift; sourceTree = "<group>"; };
		F22EC61E2609BAAC009FCF7F /* AddMedicineView.swift */ = {isa = PBXFileReference; lastKnownFileType = sourcecode.swift; path = AddMedicineView.swift; sourceTree = "<group>"; };
		F22EC6262609C8FE009FCF7F /* QRCodeReaderView.swift */ = {isa = PBXFileReference; lastKnownFileType = sourcecode.swift; path = QRCodeReaderView.swift; sourceTree = "<group>"; };
		F23801632601CB3000B3FEA1 /* GoogleService-Info.plist */ = {isa = PBXFileReference; fileEncoding = 4; lastKnownFileType = text.plist.xml; name = "GoogleService-Info.plist"; path = "../../Resource/GoogleService-Info.plist"; sourceTree = "<group>"; };
		F238017B2601D82C00B3FEA1 /* SignUpView.swift */ = {isa = PBXFileReference; lastKnownFileType = sourcecode.swift; path = SignUpView.swift; sourceTree = "<group>"; };
		F242106D2608A30B0046EA2B /* MainView.swift */ = {isa = PBXFileReference; fileEncoding = 4; lastKnownFileType = sourcecode.swift; path = MainView.swift; sourceTree = "<group>"; };
		F24210702608A3550046EA2B /* HomeView.swift */ = {isa = PBXFileReference; lastKnownFileType = sourcecode.swift; path = HomeView.swift; sourceTree = "<group>"; };
		F24210732608A3630046EA2B /* MediView.swift */ = {isa = PBXFileReference; lastKnownFileType = sourcecode.swift; path = MediView.swift; sourceTree = "<group>"; };
		F24210762608A3720046EA2B /* TrackerView.swift */ = {isa = PBXFileReference; lastKnownFileType = sourcecode.swift; path = TrackerView.swift; sourceTree = "<group>"; };
		F24210792608A3970046EA2B /* ReportView.swift */ = {isa = PBXFileReference; lastKnownFileType = sourcecode.swift; path = ReportView.swift; sourceTree = "<group>"; };
		F24210802608EFA30046EA2B /* Medicine.swift */ = {isa = PBXFileReference; lastKnownFileType = sourcecode.swift; path = Medicine.swift; sourceTree = "<group>"; };
		F256BD6B260C8B250046C6D8 /* MoreView.swift */ = {isa = PBXFileReference; lastKnownFileType = sourcecode.swift; path = MoreView.swift; sourceTree = "<group>"; };
		F256BD6E260C96860046C6D8 /* AppointmentsView.swift */ = {isa = PBXFileReference; lastKnownFileType = sourcecode.swift; path = AppointmentsView.swift; sourceTree = "<group>"; };
		F256BD71260C97270046C6D8 /* DoctorsView.swift */ = {isa = PBXFileReference; lastKnownFileType = sourcecode.swift; path = DoctorsView.swift; sourceTree = "<group>"; };
		F256BD74260C97790046C6D8 /* NotesView.swift */ = {isa = PBXFileReference; lastKnownFileType = sourcecode.swift; path = NotesView.swift; sourceTree = "<group>"; };
		F256BD77260C9E750046C6D8 /* NoRecordView.swift */ = {isa = PBXFileReference; lastKnownFileType = sourcecode.swift; path = NoRecordView.swift; sourceTree = "<group>"; };
		F256BD7A260CAD5C0046C6D8 /* FAQView.swift */ = {isa = PBXFileReference; lastKnownFileType = sourcecode.swift; path = FAQView.swift; sourceTree = "<group>"; };
		F25D558126130C1000E9152B /* SettingView.swift */ = {isa = PBXFileReference; lastKnownFileType = sourcecode.swift; path = SettingView.swift; sourceTree = "<group>"; };
		F26E454D2611C04B0054511E /* AddDoctorView.swift */ = {isa = PBXFileReference; lastKnownFileType = sourcecode.swift; path = AddDoctorView.swift; sourceTree = "<group>"; };
		F26E45512611CC520054511E /* AddNoteView.swift */ = {isa = PBXFileReference; lastKnownFileType = sourcecode.swift; path = AddNoteView.swift; sourceTree = "<group>"; };
		F272D17426257D03009D648F /* Doctor.swift */ = {isa = PBXFileReference; lastKnownFileType = sourcecode.swift; path = Doctor.swift; sourceTree = "<group>"; };
		F272D17726257D22009D648F /* Appointment.swift */ = {isa = PBXFileReference; lastKnownFileType = sourcecode.swift; path = Appointment.swift; sourceTree = "<group>"; };
		F272D17A26257D3D009D648F /* Note.swift */ = {isa = PBXFileReference; lastKnownFileType = sourcecode.swift; path = Note.swift; sourceTree = "<group>"; };
		F27328652636A4520059BA3E /* DayReminderView.swift */ = {isa = PBXFileReference; lastKnownFileType = sourcecode.swift; path = DayReminderView.swift; sourceTree = "<group>"; };
		F287547D260E159A00D2D051 /* AddAppointmentView.swift */ = {isa = PBXFileReference; lastKnownFileType = sourcecode.swift; path = AddAppointmentView.swift; sourceTree = "<group>"; };
		F2875480260E1ADF00D2D051 /* ShowDateOrTimeViewModel.swift */ = {isa = PBXFileReference; lastKnownFileType = sourcecode.swift; path = ShowDateOrTimeViewModel.swift; sourceTree = "<group>"; };
		F296CF6D2613883B00BB1331 /* GeneralSettingView.swift */ = {isa = PBXFileReference; lastKnownFileType = sourcecode.swift; path = GeneralSettingView.swift; sourceTree = "<group>"; };
		F296CF702613915B00BB1331 /* PasscodeView.swift */ = {isa = PBXFileReference; lastKnownFileType = sourcecode.swift; path = PasscodeView.swift; sourceTree = "<group>"; };
		F29FD40C260106D500CA43F5 /* iCarePill.app */ = {isa = PBXFileReference; explicitFileType = wrapper.application; includeInIndex = 0; path = iCarePill.app; sourceTree = BUILT_PRODUCTS_DIR; };
		F29FD40F260106D500CA43F5 /* iCarePillApp.swift */ = {isa = PBXFileReference; lastKnownFileType = sourcecode.swift; path = iCarePillApp.swift; sourceTree = "<group>"; };
		F29FD411260106D500CA43F5 /* SignInView.swift */ = {isa = PBXFileReference; lastKnownFileType = sourcecode.swift; path = SignInView.swift; sourceTree = "<group>"; };
		F29FD413260106D600CA43F5 /* Assets.xcassets */ = {isa = PBXFileReference; lastKnownFileType = folder.assetcatalog; path = Assets.xcassets; sourceTree = "<group>"; };
		F29FD416260106D600CA43F5 /* Preview Assets.xcassets */ = {isa = PBXFileReference; lastKnownFileType = folder.assetcatalog; path = "Preview Assets.xcassets"; sourceTree = "<group>"; };
		F29FD418260106D600CA43F5 /* Info.plist */ = {isa = PBXFileReference; lastKnownFileType = text.plist.xml; path = Info.plist; sourceTree = "<group>"; };
		F29FD41F260106F800CA43F5 /* Launch Screen.storyboard */ = {isa = PBXFileReference; lastKnownFileType = file.storyboard; path = "Launch Screen.storyboard"; sourceTree = "<group>"; };
		F29FD42426010C0300CA43F5 /* Poppins-Italic.ttf */ = {isa = PBXFileReference; lastKnownFileType = file; path = "Poppins-Italic.ttf"; sourceTree = "<group>"; };
		F29FD42526010C0300CA43F5 /* Poppins-Regular.ttf */ = {isa = PBXFileReference; lastKnownFileType = file; path = "Poppins-Regular.ttf"; sourceTree = "<group>"; };
		F29FD42626010C0300CA43F5 /* Poppins-Bold.ttf */ = {isa = PBXFileReference; lastKnownFileType = file; path = "Poppins-Bold.ttf"; sourceTree = "<group>"; };
		F29FD42726010C0400CA43F5 /* Poppins-Medium.ttf */ = {isa = PBXFileReference; lastKnownFileType = file; path = "Poppins-Medium.ttf"; sourceTree = "<group>"; };
		F29FD42826010C0400CA43F5 /* Poppins-BoldItalic.ttf */ = {isa = PBXFileReference; lastKnownFileType = file; path = "Poppins-BoldItalic.ttf"; sourceTree = "<group>"; };
		F29FD42926010C0400CA43F5 /* Poppins-BlackItalic.ttf */ = {isa = PBXFileReference; lastKnownFileType = file; path = "Poppins-BlackItalic.ttf"; sourceTree = "<group>"; };
		F29FD42A26010C0400CA43F5 /* Poppins-SemiBold.ttf */ = {isa = PBXFileReference; lastKnownFileType = file; path = "Poppins-SemiBold.ttf"; sourceTree = "<group>"; };
		F29FD42B26010C0400CA43F5 /* Poppins-Thin.ttf */ = {isa = PBXFileReference; lastKnownFileType = file; path = "Poppins-Thin.ttf"; sourceTree = "<group>"; };
		F29FD42C26010C0400CA43F5 /* Poppins-ExtraBold.ttf */ = {isa = PBXFileReference; lastKnownFileType = file; path = "Poppins-ExtraBold.ttf"; sourceTree = "<group>"; };
		F29FD42D26010C0400CA43F5 /* Poppins-MediumItalic.ttf */ = {isa = PBXFileReference; lastKnownFileType = file; path = "Poppins-MediumItalic.ttf"; sourceTree = "<group>"; };
		F29FD42E26010C0400CA43F5 /* Poppins-Black.ttf */ = {isa = PBXFileReference; lastKnownFileType = file; path = "Poppins-Black.ttf"; sourceTree = "<group>"; };
		F29FD42F26010C0400CA43F5 /* Poppins-ExtraBoldItalic.ttf */ = {isa = PBXFileReference; lastKnownFileType = file; path = "Poppins-ExtraBoldItalic.ttf"; sourceTree = "<group>"; };
		F29FD43026010C0400CA43F5 /* Poppins-ExtraLight.ttf */ = {isa = PBXFileReference; lastKnownFileType = file; path = "Poppins-ExtraLight.ttf"; sourceTree = "<group>"; };
		F29FD43126010C0400CA43F5 /* Poppins-LightItalic.ttf */ = {isa = PBXFileReference; lastKnownFileType = file; path = "Poppins-LightItalic.ttf"; sourceTree = "<group>"; };
		F29FD43226010C0400CA43F5 /* Poppins-ExtraLightItalic.ttf */ = {isa = PBXFileReference; lastKnownFileType = file; path = "Poppins-ExtraLightItalic.ttf"; sourceTree = "<group>"; };
		F29FD43326010C0400CA43F5 /* Poppins-ThinItalic.ttf */ = {isa = PBXFileReference; lastKnownFileType = file; path = "Poppins-ThinItalic.ttf"; sourceTree = "<group>"; };
		F29FD43426010C0400CA43F5 /* Poppins-SemiBoldItalic.ttf */ = {isa = PBXFileReference; lastKnownFileType = file; path = "Poppins-SemiBoldItalic.ttf"; sourceTree = "<group>"; };
		F29FD43526010C0400CA43F5 /* Poppins-Light.ttf */ = {isa = PBXFileReference; lastKnownFileType = file; path = "Poppins-Light.ttf"; sourceTree = "<group>"; };
		F2A3511A263B23B8003EBE21 /* Dose.swift */ = {isa = PBXFileReference; lastKnownFileType = sourcecode.swift; path = Dose.swift; sourceTree = "<group>"; };
		F2AC12542639478E003A95BF /* DayReminderCellView.swift */ = {isa = PBXFileReference; lastKnownFileType = sourcecode.swift; path = DayReminderCellView.swift; sourceTree = "<group>"; };
		F2D326FD260490B2009880BE /* FirebaseViewModel.swift */ = {isa = PBXFileReference; lastKnownFileType = sourcecode.swift; path = FirebaseViewModel.swift; sourceTree = "<group>"; };
		F2D327022604935E009880BE /* User.swift */ = {isa = PBXFileReference; lastKnownFileType = sourcecode.swift; path = User.swift; sourceTree = "<group>"; };
		F2E9ACF7260BA08C004DF836 /* ScheduleView.swift */ = {isa = PBXFileReference; lastKnownFileType = sourcecode.swift; path = ScheduleView.swift; sourceTree = "<group>"; };
		F2F493022636778D009E9BA5 /* SearchbarView.swift */ = {isa = PBXFileReference; lastKnownFileType = sourcecode.swift; path = SearchbarView.swift; sourceTree = "<group>"; };
		F2F49305263678E8009E9BA5 /* SwiftUIView.swift */ = {isa = PBXFileReference; lastKnownFileType = sourcecode.swift; path = SwiftUIView.swift; sourceTree = "<group>"; };
		F2F4930826367906009E9BA5 /* SearchBar.swift */ = {isa = PBXFileReference; lastKnownFileType = sourcecode.swift; path = SearchBar.swift; sourceTree = "<group>"; };
		F7B0B38D2F743DFAA77EAEED /* Pods-iCarePill.debug.xcconfig */ = {isa = PBXFileReference; includeInIndex = 1; lastKnownFileType = text.xcconfig; name = "Pods-iCarePill.debug.xcconfig"; path = "Target Support Files/Pods-iCarePill/Pods-iCarePill.debug.xcconfig"; sourceTree = "<group>"; };
/* End PBXFileReference section */

/* Begin PBXFrameworksBuildPhase section */
		F29FD409260106D500CA43F5 /* Frameworks */ = {
			isa = PBXFrameworksBuildPhase;
			buildActionMask = 2147483647;
			files = (
				F21653D8262827930035950D /* FacebookLogin in Frameworks */,
				F23801742601D0DE00B3FEA1 /* SDWebImageSwiftUI in Frameworks */,
				F22EC6242609C8C1009FCF7F /* QRCodeReader in Frameworks */,
				F23801782601D1FB00B3FEA1 /* IQKeyboardManagerSwift in Frameworks */,
				F21653A5262806470035950D /* FirebaseAnalytics in Frameworks */,
				27B2FC0C2F966E82661F69AA /* Pods_iCarePill.framework in Frameworks */,
				F21653AB262806470035950D /* FirebaseFirestore in Frameworks */,
				F21653AD262806470035950D /* FirebaseDatabase in Frameworks */,
				F21653A9262806470035950D /* FirebaseAuth in Frameworks */,
				F21653A7262806470035950D /* FirebaseStorage in Frameworks */,
			);
			runOnlyForDeploymentPostprocessing = 0;
		};
/* End PBXFrameworksBuildPhase section */

/* Begin PBXGroup section */
		32BBF431364FCA891ED0FDB5 /* Frameworks */ = {
			isa = PBXGroup;
			children = (
				CAC10C62CD34B2E20672282A /* Pods_iCarePill.framework */,
			);
			name = Frameworks;
			sourceTree = "<group>";
		};
		B59892627681C9EA5AAF4895 /* Pods */ = {
			isa = PBXGroup;
			children = (
				F7B0B38D2F743DFAA77EAEED /* Pods-iCarePill.debug.xcconfig */,
				33821C87FC00771B0927DF60 /* Pods-iCarePill.release.xcconfig */,
			);
			path = Pods;
			sourceTree = "<group>";
		};
		F223B1A9260877C60038A925 /* View */ = {
			isa = PBXGroup;
			children = (
				F223B1AA260877D10038A925 /* ImagePickerView.swift */,
				F22EC6262609C8FE009FCF7F /* QRCodeReaderView.swift */,
				F256BD77260C9E750046C6D8 /* NoRecordView.swift */,
				F21653D2262810030035950D /* SocialLogin.swift */,
				F2F49305263678E8009E9BA5 /* SwiftUIView.swift */,
				F2F4930826367906009E9BA5 /* SearchBar.swift */,
				F2AC12542639478E003A95BF /* DayReminderCellView.swift */,
			);
			path = View;
			sourceTree = "<group>";
		};
		F29FD403260106D500CA43F5 = {
			isa = PBXGroup;
			children = (
				F29FD40E260106D500CA43F5 /* iCarePill */,
				F29FD40D260106D500CA43F5 /* Products */,
				B59892627681C9EA5AAF4895 /* Pods */,
				32BBF431364FCA891ED0FDB5 /* Frameworks */,
			);
			sourceTree = "<group>";
		};
		F29FD40D260106D500CA43F5 /* Products */ = {
			isa = PBXGroup;
			children = (
				F29FD40C260106D500CA43F5 /* iCarePill.app */,
			);
			name = Products;
			sourceTree = "<group>";
		};
		F29FD40E260106D500CA43F5 /* iCarePill */ = {
			isa = PBXGroup;
			children = (
				F223B1A9260877C60038A925 /* View */,
				F2D327012604934E009880BE /* Model */,
				F2D326FC2604906D009880BE /* ViewModel */,
				F29FD42326010BEC00CA43F5 /* Fonts */,
				F29FD44B26010F2D00CA43F5 /* App */,
				F29FD41F260106F800CA43F5 /* Launch Screen.storyboard */,
				F29FD413260106D600CA43F5 /* Assets.xcassets */,
				F29FD418260106D600CA43F5 /* Info.plist */,
				F23801632601CB3000B3FEA1 /* GoogleService-Info.plist */,
				F29FD415260106D600CA43F5 /* Preview Content */,
			);
			path = iCarePill;
			sourceTree = "<group>";
		};
		F29FD415260106D600CA43F5 /* Preview Content */ = {
			isa = PBXGroup;
			children = (
				F29FD416260106D600CA43F5 /* Preview Assets.xcassets */,
			);
			path = "Preview Content";
			sourceTree = "<group>";
		};
		F29FD42326010BEC00CA43F5 /* Fonts */ = {
			isa = PBXGroup;
			children = (
				F29FD42E26010C0400CA43F5 /* Poppins-Black.ttf */,
				F29FD42926010C0400CA43F5 /* Poppins-BlackItalic.ttf */,
				F29FD42626010C0300CA43F5 /* Poppins-Bold.ttf */,
				F29FD42826010C0400CA43F5 /* Poppins-BoldItalic.ttf */,
				F29FD42C26010C0400CA43F5 /* Poppins-ExtraBold.ttf */,
				F29FD42F26010C0400CA43F5 /* Poppins-ExtraBoldItalic.ttf */,
				F29FD43026010C0400CA43F5 /* Poppins-ExtraLight.ttf */,
				F29FD43226010C0400CA43F5 /* Poppins-ExtraLightItalic.ttf */,
				F29FD42426010C0300CA43F5 /* Poppins-Italic.ttf */,
				F29FD43526010C0400CA43F5 /* Poppins-Light.ttf */,
				F29FD43126010C0400CA43F5 /* Poppins-LightItalic.ttf */,
				F29FD42726010C0400CA43F5 /* Poppins-Medium.ttf */,
				F29FD42D26010C0400CA43F5 /* Poppins-MediumItalic.ttf */,
				F29FD42526010C0300CA43F5 /* Poppins-Regular.ttf */,
				F29FD42A26010C0400CA43F5 /* Poppins-SemiBold.ttf */,
				F29FD43426010C0400CA43F5 /* Poppins-SemiBoldItalic.ttf */,
				F29FD42B26010C0400CA43F5 /* Poppins-Thin.ttf */,
				F29FD43326010C0400CA43F5 /* Poppins-ThinItalic.ttf */,
			);
			path = Fonts;
			sourceTree = "<group>";
		};
		F29FD44B26010F2D00CA43F5 /* App */ = {
			isa = PBXGroup;
			children = (
				F29FD40F260106D500CA43F5 /* iCarePillApp.swift */,
				F29FD411260106D500CA43F5 /* SignInView.swift */,
				F238017B2601D82C00B3FEA1 /* SignUpView.swift */,
				F242106D2608A30B0046EA2B /* MainView.swift */,
				F22EC61E2609BAAC009FCF7F /* AddMedicineView.swift */,
				F2F493022636778D009E9BA5 /* SearchbarView.swift */,
				F2E9ACF7260BA08C004DF836 /* ScheduleView.swift */,
				F24210702608A3550046EA2B /* HomeView.swift */,
				F27328652636A4520059BA3E /* DayReminderView.swift */,
				F24210732608A3630046EA2B /* MediView.swift */,
				F24210792608A3970046EA2B /* ReportView.swift */,
				F24210762608A3720046EA2B /* TrackerView.swift */,
				F256BD6B260C8B250046C6D8 /* MoreView.swift */,
				F256BD6E260C96860046C6D8 /* AppointmentsView.swift */,
				F287547D260E159A00D2D051 /* AddAppointmentView.swift */,
				F256BD71260C97270046C6D8 /* DoctorsView.swift */,
				F26E454D2611C04B0054511E /* AddDoctorView.swift */,
				F256BD74260C97790046C6D8 /* NotesView.swift */,
				F26E45512611CC520054511E /* AddNoteView.swift */,
				F256BD7A260CAD5C0046C6D8 /* FAQView.swift */,
				F25D558126130C1000E9152B /* SettingView.swift */,
				F296CF6D2613883B00BB1331 /* GeneralSettingView.swift */,
				F296CF702613915B00BB1331 /* PasscodeView.swift */,
			);
			path = App;
			sourceTree = "<group>";
		};
		F2D326FC2604906D009880BE /* ViewModel */ = {
			isa = PBXGroup;
			children = (
				F2D326FD260490B2009880BE /* FirebaseViewModel.swift */,
				F223B1AD26087AB80038A925 /* SaveImageViewModel.swift */,
				F2875480260E1ADF00D2D051 /* ShowDateOrTimeViewModel.swift */,
			);
			path = ViewModel;
			sourceTree = "<group>";
		};
		F2D327012604934E009880BE /* Model */ = {
			isa = PBXGroup;
			children = (
				F2D327022604935E009880BE /* User.swift */,
				F24210802608EFA30046EA2B /* Medicine.swift */,
				F272D17426257D03009D648F /* Doctor.swift */,
				F272D17726257D22009D648F /* Appointment.swift */,
				F272D17A26257D3D009D648F /* Note.swift */,
				F2A3511A263B23B8003EBE21 /* Dose.swift */,
			);
			path = Model;
			sourceTree = "<group>";
		};
/* End PBXGroup section */

/* Begin PBXNativeTarget section */
		F29FD40B260106D500CA43F5 /* iCarePill */ = {
			isa = PBXNativeTarget;
			buildConfigurationList = F29FD41B260106D600CA43F5 /* Build configuration list for PBXNativeTarget "iCarePill" */;
			buildPhases = (
				8592923008F013EB70FD45F1 /* [CP] Check Pods Manifest.lock */,
				F29FD408260106D500CA43F5 /* Sources */,
				F29FD409260106D500CA43F5 /* Frameworks */,
				F29FD40A260106D500CA43F5 /* Resources */,
				A3A3C45613C2C4E68E26000A /* [CP] Embed Pods Frameworks */,
				956866268549E28B81A3AAF1 /* [CP] Copy Pods Resources */,
			);
			buildRules = (
			);
			dependencies = (
			);
			name = iCarePill;
			packageProductDependencies = (
				F23801732601D0DE00B3FEA1 /* SDWebImageSwiftUI */,
				F23801772601D1FB00B3FEA1 /* IQKeyboardManagerSwift */,
				F22EC6232609C8C1009FCF7F /* QRCodeReader */,
				F21653A4262806470035950D /* FirebaseAnalytics */,
				F21653A6262806470035950D /* FirebaseStorage */,
				F21653A8262806470035950D /* FirebaseAuth */,
				F21653AA262806470035950D /* FirebaseFirestore */,
				F21653AC262806470035950D /* FirebaseDatabase */,
				F21653D7262827930035950D /* FacebookLogin */,
			);
			productName = iCarePill;
			productReference = F29FD40C260106D500CA43F5 /* iCarePill.app */;
			productType = "com.apple.product-type.application";
		};
/* End PBXNativeTarget section */

/* Begin PBXProject section */
		F29FD404260106D500CA43F5 /* Project object */ = {
			isa = PBXProject;
			attributes = {
				LastSwiftUpdateCheck = 1240;
				LastUpgradeCheck = 1240;
				TargetAttributes = {
					F29FD40B260106D500CA43F5 = {
						CreatedOnToolsVersion = 12.4;
					};
				};
			};
			buildConfigurationList = F29FD407260106D500CA43F5 /* Build configuration list for PBXProject "iCarePill" */;
			compatibilityVersion = "Xcode 9.3";
			developmentRegion = en;
			hasScannedForEncodings = 0;
			knownRegions = (
				en,
				Base,
			);
			mainGroup = F29FD403260106D500CA43F5;
			packageReferences = (
				F23801722601D0DD00B3FEA1 /* XCRemoteSwiftPackageReference "SDWebImageSwiftUI" */,
				F23801762601D1FB00B3FEA1 /* XCRemoteSwiftPackageReference "IQKeyboardManager" */,
				F22EC6222609C8C1009FCF7F /* XCRemoteSwiftPackageReference "QRCodeReader.swift" */,
				F21653A3262806470035950D /* XCRemoteSwiftPackageReference "firebase-ios-sdk" */,
				F21653D6262827930035950D /* XCRemoteSwiftPackageReference "facebook-ios-sdk" */,
			);
			productRefGroup = F29FD40D260106D500CA43F5 /* Products */;
			projectDirPath = "";
			projectRoot = "";
			targets = (
				F29FD40B260106D500CA43F5 /* iCarePill */,
			);
		};
/* End PBXProject section */

/* Begin PBXResourcesBuildPhase section */
		F29FD40A260106D500CA43F5 /* Resources */ = {
			isa = PBXResourcesBuildPhase;
			buildActionMask = 2147483647;
			files = (
				F29FD44326010C0400CA43F5 /* Poppins-LightItalic.ttf in Resources */,
				F29FD420260106F800CA43F5 /* Launch Screen.storyboard in Resources */,
				F29FD43926010C0400CA43F5 /* Poppins-Medium.ttf in Resources */,
				F29FD43F26010C0400CA43F5 /* Poppins-MediumItalic.ttf in Resources */,
				F29FD43826010C0400CA43F5 /* Poppins-Bold.ttf in Resources */,
				F29FD44626010C0400CA43F5 /* Poppins-SemiBoldItalic.ttf in Resources */,
				F29FD44226010C0400CA43F5 /* Poppins-ExtraLight.ttf in Resources */,
				F29FD44726010C0400CA43F5 /* Poppins-Light.ttf in Resources */,
				F29FD417260106D600CA43F5 /* Preview Assets.xcassets in Resources */,
				F29FD43E26010C0400CA43F5 /* Poppins-ExtraBold.ttf in Resources */,
				F29FD43626010C0400CA43F5 /* Poppins-Italic.ttf in Resources */,
				F29FD43C26010C0400CA43F5 /* Poppins-SemiBold.ttf in Resources */,
				F29FD414260106D600CA43F5 /* Assets.xcassets in Resources */,
				F29FD44126010C0400CA43F5 /* Poppins-ExtraBoldItalic.ttf in Resources */,
				F29FD44426010C0400CA43F5 /* Poppins-ExtraLightItalic.ttf in Resources */,
				F29FD43726010C0400CA43F5 /* Poppins-Regular.ttf in Resources */,
				F29FD44026010C0400CA43F5 /* Poppins-Black.ttf in Resources */,
				F29FD43B26010C0400CA43F5 /* Poppins-BlackItalic.ttf in Resources */,
				F29FD43D26010C0400CA43F5 /* Poppins-Thin.ttf in Resources */,
				F23801642601CB3000B3FEA1 /* GoogleService-Info.plist in Resources */,
				F29FD44526010C0400CA43F5 /* Poppins-ThinItalic.ttf in Resources */,
				F29FD43A26010C0400CA43F5 /* Poppins-BoldItalic.ttf in Resources */,
			);
			runOnlyForDeploymentPostprocessing = 0;
		};
/* End PBXResourcesBuildPhase section */

/* Begin PBXShellScriptBuildPhase section */
		8592923008F013EB70FD45F1 /* [CP] Check Pods Manifest.lock */ = {
			isa = PBXShellScriptBuildPhase;
			buildActionMask = 2147483647;
			files = (
			);
			inputFileListPaths = (
			);
			inputPaths = (
				"${PODS_PODFILE_DIR_PATH}/Podfile.lock",
				"${PODS_ROOT}/Manifest.lock",
			);
			name = "[CP] Check Pods Manifest.lock";
			outputFileListPaths = (
			);
			outputPaths = (
				"$(DERIVED_FILE_DIR)/Pods-iCarePill-checkManifestLockResult.txt",
			);
			runOnlyForDeploymentPostprocessing = 0;
			shellPath = /bin/sh;
			shellScript = "diff \"${PODS_PODFILE_DIR_PATH}/Podfile.lock\" \"${PODS_ROOT}/Manifest.lock\" > /dev/null\nif [ $? != 0 ] ; then\n    # print error to STDERR\n    echo \"error: The sandbox is not in sync with the Podfile.lock. Run 'pod install' or update your CocoaPods installation.\" >&2\n    exit 1\nfi\n# This output is used by Xcode 'outputs' to avoid re-running this script phase.\necho \"SUCCESS\" > \"${SCRIPT_OUTPUT_FILE_0}\"\n";
			showEnvVarsInLog = 0;
		};
		956866268549E28B81A3AAF1 /* [CP] Copy Pods Resources */ = {
			isa = PBXShellScriptBuildPhase;
			buildActionMask = 2147483647;
			files = (
			);
			inputFileListPaths = (
				"${PODS_ROOT}/Target Support Files/Pods-iCarePill/Pods-iCarePill-resources-${CONFIGURATION}-input-files.xcfilelist",
			);
			name = "[CP] Copy Pods Resources";
			outputFileListPaths = (
				"${PODS_ROOT}/Target Support Files/Pods-iCarePill/Pods-iCarePill-resources-${CONFIGURATION}-output-files.xcfilelist",
			);
			runOnlyForDeploymentPostprocessing = 0;
			shellPath = /bin/sh;
			shellScript = "\"${PODS_ROOT}/Target Support Files/Pods-iCarePill/Pods-iCarePill-resources.sh\"\n";
			showEnvVarsInLog = 0;
		};
		A3A3C45613C2C4E68E26000A /* [CP] Embed Pods Frameworks */ = {
			isa = PBXShellScriptBuildPhase;
			buildActionMask = 2147483647;
			files = (
			);
			inputFileListPaths = (
				"${PODS_ROOT}/Target Support Files/Pods-iCarePill/Pods-iCarePill-frameworks-${CONFIGURATION}-input-files.xcfilelist",
			);
			name = "[CP] Embed Pods Frameworks";
			outputFileListPaths = (
				"${PODS_ROOT}/Target Support Files/Pods-iCarePill/Pods-iCarePill-frameworks-${CONFIGURATION}-output-files.xcfilelist",
			);
			runOnlyForDeploymentPostprocessing = 0;
			shellPath = /bin/sh;
			shellScript = "\"${PODS_ROOT}/Target Support Files/Pods-iCarePill/Pods-iCarePill-frameworks.sh\"\n";
			showEnvVarsInLog = 0;
		};
/* End PBXShellScriptBuildPhase section */

/* Begin PBXSourcesBuildPhase section */
		F29FD408260106D500CA43F5 /* Sources */ = {
			isa = PBXSourcesBuildPhase;
			buildActionMask = 2147483647;
			files = (
				F24210712608A3550046EA2B /* HomeView.swift in Sources */,
				F256BD72260C97270046C6D8 /* DoctorsView.swift in Sources */,
				F256BD75260C97790046C6D8 /* NotesView.swift in Sources */,
				F24210812608EFA30046EA2B /* Medicine.swift in Sources */,
				F223B1AE26087AB80038A925 /* SaveImageViewModel.swift in Sources */,
				F2F4930926367906009E9BA5 /* SearchBar.swift in Sources */,
				F242107A2608A3970046EA2B /* ReportView.swift in Sources */,
				F2AC12552639478E003A95BF /* DayReminderCellView.swift in Sources */,
				F26E45522611CC520054511E /* AddNoteView.swift in Sources */,
				F2A3511B263B23B8003EBE21 /* Dose.swift in Sources */,
				F27328662636A4520059BA3E /* DayReminderView.swift in Sources */,
				F256BD78260C9E750046C6D8 /* NoRecordView.swift in Sources */,
				F22EC6272609C8FE009FCF7F /* QRCodeReaderView.swift in Sources */,
				F296CF6E2613883B00BB1331 /* GeneralSettingView.swift in Sources */,
				F2E9ACF8260BA08C004DF836 /* ScheduleView.swift in Sources */,
				F242106E2608A30B0046EA2B /* MainView.swift in Sources */,
				F296CF712613915B00BB1331 /* PasscodeView.swift in Sources */,
				F272D17526257D03009D648F /* Doctor.swift in Sources */,
				F29FD412260106D500CA43F5 /* SignInView.swift in Sources */,
				F238017C2601D82C00B3FEA1 /* SignUpView.swift in Sources */,
				F29FD410260106D500CA43F5 /* iCarePillApp.swift in Sources */,
				F22EC61F2609BAAC009FCF7F /* AddMedicineView.swift in Sources */,
				F2D327032604935E009880BE /* User.swift in Sources */,
				F25D558226130C1000E9152B /* SettingView.swift in Sources */,
				F24210742608A3630046EA2B /* MediView.swift in Sources */,
				F26E454E2611C04B0054511E /* AddDoctorView.swift in Sources */,
				F21653D3262810030035950D /* SocialLogin.swift in Sources */,
				F256BD6C260C8B250046C6D8 /* MoreView.swift in Sources */,
				F256BD6F260C96860046C6D8 /* AppointmentsView.swift in Sources */,
				F287547E260E159A00D2D051 /* AddAppointmentView.swift in Sources */,
				F2875481260E1ADF00D2D051 /* ShowDateOrTimeViewModel.swift in Sources */,
				F272D17826257D22009D648F /* Appointment.swift in Sources */,
				F223B1AB260877D10038A925 /* ImagePickerView.swift in Sources */,
				F2F49306263678E8009E9BA5 /* SwiftUIView.swift in Sources */,
				F272D17B26257D3D009D648F /* Note.swift in Sources */,
				F2F493032636778D009E9BA5 /* SearchbarView.swift in Sources */,
				F2D326FE260490B2009880BE /* FirebaseViewModel.swift in Sources */,
				F24210772608A3720046EA2B /* TrackerView.swift in Sources */,
				F256BD7B260CAD5C0046C6D8 /* FAQView.swift in Sources */,
			);
			runOnlyForDeploymentPostprocessing = 0;
		};
/* End PBXSourcesBuildPhase section */

/* Begin XCBuildConfiguration section */
		F29FD419260106D600CA43F5 /* Debug */ = {
			isa = XCBuildConfiguration;
			buildSettings = {
				ALWAYS_SEARCH_USER_PATHS = NO;
				CLANG_ANALYZER_NONNULL = YES;
				CLANG_ANALYZER_NUMBER_OBJECT_CONVERSION = YES_AGGRESSIVE;
				CLANG_CXX_LANGUAGE_STANDARD = "gnu++14";
				CLANG_CXX_LIBRARY = "libc++";
				CLANG_ENABLE_MODULES = YES;
				CLANG_ENABLE_OBJC_ARC = YES;
				CLANG_ENABLE_OBJC_WEAK = YES;
				CLANG_WARN_BLOCK_CAPTURE_AUTORELEASING = YES;
				CLANG_WARN_BOOL_CONVERSION = YES;
				CLANG_WARN_COMMA = YES;
				CLANG_WARN_CONSTANT_CONVERSION = YES;
				CLANG_WARN_DEPRECATED_OBJC_IMPLEMENTATIONS = YES;
				CLANG_WARN_DIRECT_OBJC_ISA_USAGE = YES_ERROR;
				CLANG_WARN_DOCUMENTATION_COMMENTS = YES;
				CLANG_WARN_EMPTY_BODY = YES;
				CLANG_WARN_ENUM_CONVERSION = YES;
				CLANG_WARN_INFINITE_RECURSION = YES;
				CLANG_WARN_INT_CONVERSION = YES;
				CLANG_WARN_NON_LITERAL_NULL_CONVERSION = YES;
				CLANG_WARN_OBJC_IMPLICIT_RETAIN_SELF = YES;
				CLANG_WARN_OBJC_LITERAL_CONVERSION = YES;
				CLANG_WARN_OBJC_ROOT_CLASS = YES_ERROR;
				CLANG_WARN_QUOTED_INCLUDE_IN_FRAMEWORK_HEADER = YES;
				CLANG_WARN_RANGE_LOOP_ANALYSIS = YES;
				CLANG_WARN_STRICT_PROTOTYPES = YES;
				CLANG_WARN_SUSPICIOUS_MOVE = YES;
				CLANG_WARN_UNGUARDED_AVAILABILITY = YES_AGGRESSIVE;
				CLANG_WARN_UNREACHABLE_CODE = YES;
				CLANG_WARN__DUPLICATE_METHOD_MATCH = YES;
				COPY_PHASE_STRIP = NO;
				DEBUG_INFORMATION_FORMAT = dwarf;
				ENABLE_STRICT_OBJC_MSGSEND = YES;
				ENABLE_TESTABILITY = YES;
				GCC_C_LANGUAGE_STANDARD = gnu11;
				GCC_DYNAMIC_NO_PIC = NO;
				GCC_NO_COMMON_BLOCKS = YES;
				GCC_OPTIMIZATION_LEVEL = 0;
				GCC_PREPROCESSOR_DEFINITIONS = (
					"DEBUG=1",
					"$(inherited)",
				);
				GCC_WARN_64_TO_32_BIT_CONVERSION = YES;
				GCC_WARN_ABOUT_RETURN_TYPE = YES_ERROR;
				GCC_WARN_UNDECLARED_SELECTOR = YES;
				GCC_WARN_UNINITIALIZED_AUTOS = YES_AGGRESSIVE;
				GCC_WARN_UNUSED_FUNCTION = YES;
				GCC_WARN_UNUSED_VARIABLE = YES;
				IPHONEOS_DEPLOYMENT_TARGET = 14.4;
				MTL_ENABLE_DEBUG_INFO = INCLUDE_SOURCE;
				MTL_FAST_MATH = YES;
				ONLY_ACTIVE_ARCH = YES;
				OTHER_LDFLAGS = "-ObjC";
				SDKROOT = iphoneos;
				SWIFT_ACTIVE_COMPILATION_CONDITIONS = DEBUG;
				SWIFT_OPTIMIZATION_LEVEL = "-Onone";
			};
			name = Debug;
		};
		F29FD41A260106D600CA43F5 /* Release */ = {
			isa = XCBuildConfiguration;
			buildSettings = {
				ALWAYS_SEARCH_USER_PATHS = NO;
				CLANG_ANALYZER_NONNULL = YES;
				CLANG_ANALYZER_NUMBER_OBJECT_CONVERSION = YES_AGGRESSIVE;
				CLANG_CXX_LANGUAGE_STANDARD = "gnu++14";
				CLANG_CXX_LIBRARY = "libc++";
				CLANG_ENABLE_MODULES = YES;
				CLANG_ENABLE_OBJC_ARC = YES;
				CLANG_ENABLE_OBJC_WEAK = YES;
				CLANG_WARN_BLOCK_CAPTURE_AUTORELEASING = YES;
				CLANG_WARN_BOOL_CONVERSION = YES;
				CLANG_WARN_COMMA = YES;
				CLANG_WARN_CONSTANT_CONVERSION = YES;
				CLANG_WARN_DEPRECATED_OBJC_IMPLEMENTATIONS = YES;
				CLANG_WARN_DIRECT_OBJC_ISA_USAGE = YES_ERROR;
				CLANG_WARN_DOCUMENTATION_COMMENTS = YES;
				CLANG_WARN_EMPTY_BODY = YES;
				CLANG_WARN_ENUM_CONVERSION = YES;
				CLANG_WARN_INFINITE_RECURSION = YES;
				CLANG_WARN_INT_CONVERSION = YES;
				CLANG_WARN_NON_LITERAL_NULL_CONVERSION = YES;
				CLANG_WARN_OBJC_IMPLICIT_RETAIN_SELF = YES;
				CLANG_WARN_OBJC_LITERAL_CONVERSION = YES;
				CLANG_WARN_OBJC_ROOT_CLASS = YES_ERROR;
				CLANG_WARN_QUOTED_INCLUDE_IN_FRAMEWORK_HEADER = YES;
				CLANG_WARN_RANGE_LOOP_ANALYSIS = YES;
				CLANG_WARN_STRICT_PROTOTYPES = YES;
				CLANG_WARN_SUSPICIOUS_MOVE = YES;
				CLANG_WARN_UNGUARDED_AVAILABILITY = YES_AGGRESSIVE;
				CLANG_WARN_UNREACHABLE_CODE = YES;
				CLANG_WARN__DUPLICATE_METHOD_MATCH = YES;
				COPY_PHASE_STRIP = NO;
				DEBUG_INFORMATION_FORMAT = "dwarf-with-dsym";
				ENABLE_NS_ASSERTIONS = NO;
				ENABLE_STRICT_OBJC_MSGSEND = YES;
				GCC_C_LANGUAGE_STANDARD = gnu11;
				GCC_NO_COMMON_BLOCKS = YES;
				GCC_WARN_64_TO_32_BIT_CONVERSION = YES;
				GCC_WARN_ABOUT_RETURN_TYPE = YES_ERROR;
				GCC_WARN_UNDECLARED_SELECTOR = YES;
				GCC_WARN_UNINITIALIZED_AUTOS = YES_AGGRESSIVE;
				GCC_WARN_UNUSED_FUNCTION = YES;
				GCC_WARN_UNUSED_VARIABLE = YES;
				IPHONEOS_DEPLOYMENT_TARGET = 14.4;
				MTL_ENABLE_DEBUG_INFO = NO;
				MTL_FAST_MATH = YES;
				OTHER_LDFLAGS = "-ObjC";
				SDKROOT = iphoneos;
				SWIFT_COMPILATION_MODE = wholemodule;
				SWIFT_OPTIMIZATION_LEVEL = "-O";
				VALIDATE_PRODUCT = YES;
			};
			name = Release;
		};
		F29FD41C260106D600CA43F5 /* Debug */ = {
			isa = XCBuildConfiguration;
			baseConfigurationReference = F7B0B38D2F743DFAA77EAEED /* Pods-iCarePill.debug.xcconfig */;
			buildSettings = {
				ASSETCATALOG_COMPILER_APPICON_NAME = AppIcon;
				ASSETCATALOG_COMPILER_GLOBAL_ACCENT_COLOR_NAME = AccentColor;
				CODE_SIGN_STYLE = Automatic;
				DEVELOPMENT_ASSET_PATHS = "\"iCarePill/Preview Content\"";
				DEVELOPMENT_TEAM = 4CZP9C7L6H;
				ENABLE_PREVIEWS = YES;
				INFOPLIST_FILE = iCarePill/Info.plist;
				IPHONEOS_DEPLOYMENT_TARGET = 14.0;
				LD_RUNPATH_SEARCH_PATHS = (
					"$(inherited)",
					"@executable_path/Frameworks",
				);
				PRODUCT_BUNDLE_IDENTIFIER = com.pf.iCarePill;
				PRODUCT_NAME = "$(TARGET_NAME)";
				SWIFT_VERSION = 5.0;
				TARGETED_DEVICE_FAMILY = "1,2";
			};
			name = Debug;
		};
		F29FD41D260106D600CA43F5 /* Release */ = {
			isa = XCBuildConfiguration;
			baseConfigurationReference = 33821C87FC00771B0927DF60 /* Pods-iCarePill.release.xcconfig */;
			buildSettings = {
				ASSETCATALOG_COMPILER_APPICON_NAME = AppIcon;
				ASSETCATALOG_COMPILER_GLOBAL_ACCENT_COLOR_NAME = AccentColor;
				CODE_SIGN_STYLE = Automatic;
				DEVELOPMENT_ASSET_PATHS = "\"iCarePill/Preview Content\"";
				DEVELOPMENT_TEAM = 4CZP9C7L6H;
				ENABLE_PREVIEWS = YES;
				INFOPLIST_FILE = iCarePill/Info.plist;
				IPHONEOS_DEPLOYMENT_TARGET = 14.0;
				LD_RUNPATH_SEARCH_PATHS = (
					"$(inherited)",
					"@executable_path/Frameworks",
				);
				PRODUCT_BUNDLE_IDENTIFIER = com.pf.iCarePill;
				PRODUCT_NAME = "$(TARGET_NAME)";
				SWIFT_VERSION = 5.0;
				TARGETED_DEVICE_FAMILY = "1,2";
			};
			name = Release;
		};
/* End XCBuildConfiguration section */

/* Begin XCConfigurationList section */
		F29FD407260106D500CA43F5 /* Build configuration list for PBXProject "iCarePill" */ = {
			isa = XCConfigurationList;
			buildConfigurations = (
				F29FD419260106D600CA43F5 /* Debug */,
				F29FD41A260106D600CA43F5 /* Release */,
			);
			defaultConfigurationIsVisible = 0;
			defaultConfigurationName = Release;
		};
		F29FD41B260106D600CA43F5 /* Build configuration list for PBXNativeTarget "iCarePill" */ = {
			isa = XCConfigurationList;
			buildConfigurations = (
				F29FD41C260106D600CA43F5 /* Debug */,
				F29FD41D260106D600CA43F5 /* Release */,
			);
			defaultConfigurationIsVisible = 0;
			defaultConfigurationName = Release;
		};
/* End XCConfigurationList section */

/* Begin XCRemoteSwiftPackageReference section */
		F21653A3262806470035950D /* XCRemoteSwiftPackageReference "firebase-ios-sdk" */ = {
			isa = XCRemoteSwiftPackageReference;
			repositoryURL = "https://github.com/firebase/firebase-ios-sdk.git";
			requirement = {
				kind = upToNextMajorVersion;
				minimumVersion = 7.10.0;
			};
		};
		F21653D6262827930035950D /* XCRemoteSwiftPackageReference "facebook-ios-sdk" */ = {
			isa = XCRemoteSwiftPackageReference;
			repositoryURL = "https://github.com/facebook/facebook-ios-sdk";
			requirement = {
				kind = upToNextMajorVersion;
				minimumVersion = 9.2.0;
			};
		};
		F22EC6222609C8C1009FCF7F /* XCRemoteSwiftPackageReference "QRCodeReader.swift" */ = {
			isa = XCRemoteSwiftPackageReference;
			repositoryURL = "https://github.com/yannickl/QRCodeReader.swift.git";
			requirement = {
				kind = upToNextMajorVersion;
				minimumVersion = 10.1.1;
			};
		};
		F23801722601D0DD00B3FEA1 /* XCRemoteSwiftPackageReference "SDWebImageSwiftUI" */ = {
			isa = XCRemoteSwiftPackageReference;
			repositoryURL = "https://github.com/SDWebImage/SDWebImageSwiftUI.git";
			requirement = {
				kind = upToNextMajorVersion;
				minimumVersion = 2.0.2;
			};
		};
		F23801762601D1FB00B3FEA1 /* XCRemoteSwiftPackageReference "IQKeyboardManager" */ = {
			isa = XCRemoteSwiftPackageReference;
			repositoryURL = "https://github.com/hackiftekhar/IQKeyboardManager.git";
			requirement = {
				kind = upToNextMajorVersion;
				minimumVersion = 6.5.6;
			};
		};
/* End XCRemoteSwiftPackageReference section */

/* Begin XCSwiftPackageProductDependency section */
		F21653A4262806470035950D /* FirebaseAnalytics */ = {
			isa = XCSwiftPackageProductDependency;
			package = F21653A3262806470035950D /* XCRemoteSwiftPackageReference "firebase-ios-sdk" */;
			productName = FirebaseAnalytics;
		};
		F21653A6262806470035950D /* FirebaseStorage */ = {
			isa = XCSwiftPackageProductDependency;
			package = F21653A3262806470035950D /* XCRemoteSwiftPackageReference "firebase-ios-sdk" */;
			productName = FirebaseStorage;
		};
		F21653A8262806470035950D /* FirebaseAuth */ = {
			isa = XCSwiftPackageProductDependency;
			package = F21653A3262806470035950D /* XCRemoteSwiftPackageReference "firebase-ios-sdk" */;
			productName = FirebaseAuth;
		};
		F21653AA262806470035950D /* FirebaseFirestore */ = {
			isa = XCSwiftPackageProductDependency;
			package = F21653A3262806470035950D /* XCRemoteSwiftPackageReference "firebase-ios-sdk" */;
			productName = FirebaseFirestore;
		};
		F21653AC262806470035950D /* FirebaseDatabase */ = {
			isa = XCSwiftPackageProductDependency;
			package = F21653A3262806470035950D /* XCRemoteSwiftPackageReference "firebase-ios-sdk" */;
			productName = FirebaseDatabase;
		};
		F21653D7262827930035950D /* FacebookLogin */ = {
			isa = XCSwiftPackageProductDependency;
			package = F21653D6262827930035950D /* XCRemoteSwiftPackageReference "facebook-ios-sdk" */;
			productName = FacebookLogin;
		};
		F22EC6232609C8C1009FCF7F /* QRCodeReader */ = {
			isa = XCSwiftPackageProductDependency;
			package = F22EC6222609C8C1009FCF7F /* XCRemoteSwiftPackageReference "QRCodeReader.swift" */;
			productName = QRCodeReader;
		};
		F23801732601D0DE00B3FEA1 /* SDWebImageSwiftUI */ = {
			isa = XCSwiftPackageProductDependency;
			package = F23801722601D0DD00B3FEA1 /* XCRemoteSwiftPackageReference "SDWebImageSwiftUI" */;
			productName = SDWebImageSwiftUI;
		};
		F23801772601D1FB00B3FEA1 /* IQKeyboardManagerSwift */ = {
			isa = XCSwiftPackageProductDependency;
			package = F23801762601D1FB00B3FEA1 /* XCRemoteSwiftPackageReference "IQKeyboardManager" */;
			productName = IQKeyboardManagerSwift;
		};
/* End XCSwiftPackageProductDependency section */
	};
	rootObject = F29FD404260106D500CA43F5 /* Project object */;
}
